<?xml version="1.0" encoding="utf-8"?>
<Project ToolsVersion="4.0" xmlns="http://schemas.microsoft.com/developer/msbuild/2003">
  <ItemGroup>
    <Filter Include="Archivos de origen">
      <UniqueIdentifier>{4FC737F1-C7A5-4376-A066-2A32D752A2FF}</UniqueIdentifier>
      <Extensions>cpp;c;cc;cxx;def;odl;idl;hpj;bat;asm;asmx</Extensions>
    </Filter>
    <Filter Include="Archivos de encabezado">
      <UniqueIdentifier>{93995380-89BD-4b04-88EB-625FBE52EBFB}</UniqueIdentifier>
      <Extensions>h;hh;hpp;hxx;hm;inl;inc;ipp;xsd</Extensions>
    </Filter>
    <Filter Include="Archivos de recursos">
      <UniqueIdentifier>{67DA6AB6-F800-4c08-8B7A-83BB121AAD01}</UniqueIdentifier>
      <Extensions>rc;ico;cur;bmp;dlg;rc2;rct;bin;rgs;gif;jpg;jpeg;jpe;resx;tiff;tif;png;wav;mfcribbon-ms</Extensions>
    </Filter>
    <Filter Include="Archivos de encabezado\Libs">
      <UniqueIdentifier>{9401cea5-0eb6-4fab-a905-5734b1e6aad2}</UniqueIdentifier>
    </Filter>
    <Filter Include="Archivos de encabezado\Entities">
      <UniqueIdentifier>{975a499e-a496-465e-bfdd-12b1c1f0c696}</UniqueIdentifier>
    </Filter>
    <Filter Include="Archivos de origen\Entities">
      <UniqueIdentifier>{28d06239-928b-4c1d-a781-9693d55bcd59}</UniqueIdentifier>
    </Filter>
  </ItemGroup>
  <ItemGroup>
    <ClCompile Include="SFML.cpp">
      <Filter>Archivos de origen</Filter>
    </ClCompile>
    <ClCompile Include="Room.cpp">
      <Filter>Archivos de origen</Filter>
    </ClCompile>
    <ClCompile Include="Map.cpp">
      <Filter>Archivos de origen</Filter>
    </ClCompile>
    <ClCompile Include="GraphicsUtils.cpp">
      <Filter>Archivos de origen</Filter>
    </ClCompile>
    <ClCompile Include="RoomPiece.cpp">
      <Filter>Archivos de origen</Filter>
    </ClCompile>
    <ClCompile Include="Entity.cpp">
      <Filter>Archivos de origen\Entities</Filter>
    </ClCompile>
    <ClCompile Include="Player.cpp">
      <Filter>Archivos de origen\Entities</Filter>
    </ClCompile>
    <ClCompile Include="Bullet.cpp">
      <Filter>Archivos de origen</Filter>
    </ClCompile>
  </ItemGroup>
  <ItemGroup>
    <ClInclude Include="Room.h">
      <Filter>Archivos de encabezado</Filter>
    </ClInclude>
    <ClInclude Include="Map.h">
      <Filter>Archivos de encabezado</Filter>
    </ClInclude>
    <ClInclude Include="resource.h">
      <Filter>Archivos de encabezado</Filter>
    </ClInclude>
    <ClInclude Include="GraphicsUtils.h">
      <Filter>Archivos de encabezado</Filter>
    </ClInclude>
    <ClInclude Include="RoomPiece.h">
      <Filter>Archivos de encabezado</Filter>
    </ClInclude>
    <ClInclude Include="Entity.h">
      <Filter>Archivos de encabezado\Entities</Filter>
    </ClInclude>
    <ClInclude Include="Player.h">
      <Filter>Archivos de encabezado\Entities</Filter>
    </ClInclude>
    <ClInclude Include="Bullet.h">
      <Filter>Archivos de encabezado</Filter>
    </ClInclude>
  </ItemGroup>
  <ItemGroup>
    <ResourceCompile Include="SFML.rc">
      <Filter>Archivos de recursos</Filter>
    </ResourceCompile>
  </ItemGroup>
  <ItemGroup>
    <Text Include="room_00.txt">
      <Filter>Archivos de recursos</Filter>
    </Text>
    <Text Include="room_01.txt">
      <Filter>Archivos de recursos</Filter>
    </Text>
    <Text Include="room_02.txt">
      <Filter>Archivos de recursos</Filter>
    </Text>
    <Text Include="room_03.txt">
      <Filter>Archivos de recursos</Filter>
    </Text>
    <Text Include="room_04.txt">
      <Filter>Archivos de recursos</Filter>
    </Text>
    <Text Include="room_05.txt">
      <Filter>Archivos de recursos</Filter>
    </Text>
    <Text Include="room_06.txt">
      <Filter>Archivos de recursos</Filter>
    </Text>
  </ItemGroup>
</Project>